
Microsoft Visual Studio Solution File, Format Version 12.00
# Visual Studio 15
VisualStudioVersion = 15.0.28010.2026
MinimumVisualStudioVersion = 10.0.40219.1
Project("{151D2E53-A2C4-4D7D-83FE-D05416EBD58E}") = "101-vm-simple-windows_local", "101-vm-simple-windows_local\101-vm-simple-windows_local.deployproj", "{A82F4B12-E09A-4E3A-9DE8-400573E623D2}"
EndProject
Global
	GlobalSection(SolutionConfigurationPlatforms) = preSolution
		Debug|Any CPU = Debug|Any CPU
		Release|Any CPU = Release|Any CPU
	EndGlobalSection
	GlobalSection(ProjectConfigurationPlatforms) = postSolution
		{A82F4B12-E09A-4E3A-9DE8-400573E623D2}.Debug|Any CPU.ActiveCfg = Debug|Any CPU
		{A82F4B12-E09A-4E3A-9DE8-400573E623D2}.Debug|Any CPU.Build.0 = Debug|Any CPU
		{A82F4B12-E09A-4E3A-9DE8-400573E623D2}.Release|Any CPU.ActiveCfg = Release|Any CPU
		{A82F4B12-E09A-4E3A-9DE8-400573E623D2}.Release|Any CPU.Build.0 = Release|Any CPU
	EndGlobalSection
	GlobalSection(SolutionProperties) = preSolution
		HideSolutionNode = FALSE
	EndGlobalSection
	GlobalSection(ExtensibilityGlobals) = postSolution
		SolutionGuid = {6D80759A-DDBF-4F68-A02A-A6F982CE8204}
	EndGlobalSection
EndGlobal
